
Microsoft Visual Studio Solution File, Format Version 12.00
# Visual Studio Version 17
VisualStudioVersion = 17.13.35825.156 d17.13
MinimumVisualStudioVersion = 10.0.40219.1
Project("{FAE04EC0-301F-11D3-BF4B-00C04F79EFBC}") = "TestProject1", "TestProject1\TestProject1.csproj", "{324BDA04-790B-46B3-9D4E-9D323DDF0772}"
EndProject
Global
	GlobalSection(SolutionConfigurationPlatforms) = preSolution
		Debug|Any CPU = Debug|Any CPU
		Release|Any CPU = Release|Any CPU
	EndGlobalSection
	GlobalSection(ProjectConfigurationPlatforms) = postSolution
		{324BDA04-790B-46B3-9D4E-9D323DDF0772}.Debug|Any CPU.ActiveCfg = Debug|Any CPU
		{324BDA04-790B-46B3-9D4E-9D323DDF0772}.Debug|Any CPU.Build.0 = Debug|Any CPU
		{324BDA04-790B-46B3-9D4E-9D323DDF0772}.Release|Any CPU.ActiveCfg = Release|Any CPU
		{324BDA04-790B-46B3-9D4E-9D323DDF0772}.Release|Any CPU.Build.0 = Release|Any CPU
	EndGlobalSection
	GlobalSection(SolutionProperties) = preSolution
		HideSolutionNode = FALSE
	EndGlobalSection
	GlobalSection(ExtensibilityGlobals) = postSolution
		SolutionGuid = {6A544AF9-B9CA-4A3F-8623-80799F7F2D50}
	EndGlobalSection
EndGlobal
